
Microsoft Visual Studio Solution File, Format Version 11.00
# Visual Studio 2010
Project("{FAE04EC0-301F-11D3-BF4B-00C04F79EFBC}") = "Assembly-CSharp", "Assembly-CSharp.csproj", "{25ea03c4-6de4-8389-32c4-5cebc00810d1}"
EndProject
Project("{FAE04EC0-301F-11D3-BF4B-00C04F79EFBC}") = "Assembly-CSharp-Editor", "Assembly-CSharp-Editor.csproj", "{e1ed94c1-f5e7-e48a-9825-77156248fbbe}"
EndProject
Global
	GlobalSection(SolutionConfigurationPlatforms) = preSolution
		Debug|Any CPU = Debug|Any CPU
	EndGlobalSection
	GlobalSection(ProjectConfigurationPlatforms) = postSolution
		{25ea03c4-6de4-8389-32c4-5cebc00810d1}.Debug|Any CPU.ActiveCfg = Debug|Any CPU
		{25ea03c4-6de4-8389-32c4-5cebc00810d1}.Debug|Any CPU.Build.0 = Debug|Any CPU
		{e1ed94c1-f5e7-e48a-9825-77156248fbbe}.Debug|Any CPU.ActiveCfg = Debug|Any CPU
		{e1ed94c1-f5e7-e48a-9825-77156248fbbe}.Debug|Any CPU.Build.0 = Debug|Any CPU
	EndGlobalSection
	GlobalSection(SolutionProperties) = preSolution
		HideSolutionNode = FALSE
	EndGlobalSection
EndGlobal
